{
   "name": "@roddynpm/bs-yojson",
   "version": "0.0.1",
   "lockfileVersion": 1,
   "requires": true,
   "dependencies": {
      "@roddynpm/bs-biniou": {
         "version": "0.0.1",
         "resolved": "https://registry.npmjs.org/@roddynpm/bs-biniou/-/bs-biniou-0.0.1.tgz",
         "integrity": "sha512-TXRNnujwUNAzwQyhkbm9VmR0ns78QmwTNkkU85hS+6AN+Oa8tIjJ7BGtaf83oTUfcTX75wsh2t8Pf4Kl0ain9A==",
         "requires": {
            "@roddynpm/bs-easy-format": "^0.0.1"
         }
      },
      "@roddynpm/bs-easy-format": {
         "version": "0.0.1",
         "resolved": "https://registry.npmjs.org/@roddynpm/bs-easy-format/-/bs-easy-format-0.0.1.tgz",
         "integrity": "sha512-lBp7y9Jd75y3XFPFfF6aalmwjFvsNjNlauDDBWCMPzzhFOW+zUBp1705R4R0SE0k0bUl+UDpwesSfgJY/kdeCA=="
      },
      "bs-platform": {
         "version": "5.0.6",
         "resolved": "https://registry.npmjs.org/bs-platform/-/bs-platform-5.0.6.tgz",
         "integrity": "sha512-6Boa2VEcWJp2WJr38L7bp3J929nYha7gDarjxb070jWzgfPJ/WbzjipmSfnu2eqqk1MfjEIpBipbPz6n1NISwA==",
         "dev": true
      }
   }
}
